{
  "requires": true,
  "lockfileVersion": 1,
  "dependencies": {
    "daisyui": {
      "version": "1.14.0",
      "resolved": "https://registry.npmjs.org/daisyui/-/daisyui-1.14.0.tgz",
      "integrity": "sha512-50ccXdJMi0TS7raItKfUOJppPRvluOUCO4m6i7QPOVOdDZVP6awjqUoGmLzqFepO6b6QpVotswDvaXIKSZ/2aw=="
    }
  }
}
